
Microsoft Visual Studio Solution File, Format Version 12.00
# Visual Studio Version 17
VisualStudioVersion = 17.8.34330.188
MinimumVisualStudioVersion = 10.0.40219.1
Project("{FAE04EC0-301F-11D3-BF4B-00C04F79EFBC}") = "ProjetoTerra", "ProjetoTerra\ProjetoTerra.csproj", "{AC8AE160-F141-4F66-B3A7-8CE77BDE6B45}"
EndProject
Global
	GlobalSection(SolutionConfigurationPlatforms) = preSolution
		Debug|Any CPU = Debug|Any CPU
		Release|Any CPU = Release|Any CPU
	EndGlobalSection
	GlobalSection(ProjectConfigurationPlatforms) = postSolution
		{AC8AE160-F141-4F66-B3A7-8CE77BDE6B45}.Debug|Any CPU.ActiveCfg = Debug|Any CPU
		{AC8AE160-F141-4F66-B3A7-8CE77BDE6B45}.Debug|Any CPU.Build.0 = Debug|Any CPU
		{AC8AE160-F141-4F66-B3A7-8CE77BDE6B45}.Release|Any CPU.ActiveCfg = Release|Any CPU
		{AC8AE160-F141-4F66-B3A7-8CE77BDE6B45}.Release|Any CPU.Build.0 = Release|Any CPU
	EndGlobalSection
	GlobalSection(SolutionProperties) = preSolution
		HideSolutionNode = FALSE
	EndGlobalSection
	GlobalSection(ExtensibilityGlobals) = postSolution
		SolutionGuid = {C63BDE60-F5FE-4237-AED7-7BA970316E66}
	EndGlobalSection
EndGlobal
